
Microsoft Visual Studio Solution File, Format Version 12.00
# Visual Studio 14
VisualStudioVersion = 14.0.23107.0
MinimumVisualStudioVersion = 10.0.40219.1
Project("{8BC9CEB8-8B4A-11D0-8D11-00A0C91BC942}") = "Game", "src\Game\Game.vcxproj", "{74F1D888-86D0-47EE-93ED-E7834EC90A5F}"
	ProjectSection(ProjectDependencies) = postProject
		{4E4F8707-4B18-4877-8EA6-627FE176E629} = {4E4F8707-4B18-4877-8EA6-627FE176E629}
		{88DA2862-2AA2-4738-81CE-48F84016EA71} = {88DA2862-2AA2-4738-81CE-48F84016EA71}
		{366C8B6A-FC80-421F-9AAA-F3A29F3061F5} = {366C8B6A-FC80-421F-9AAA-F3A29F3061F5}
		{2EFF286E-D346-4D83-9078-7124D559EB88} = {2EFF286E-D346-4D83-9078-7124D559EB88}
		{3898CEB4-251E-480E-A582-17BB3CDDC0AF} = {3898CEB4-251E-480E-A582-17BB3CDDC0AF}
		{D21476BC-F2FE-421E-8542-E29C13BA5451} = {D21476BC-F2FE-421E-8542-E29C13BA5451}
	EndProjectSection
EndProject
Project("{8BC9CEB8-8B4A-11D0-8D11-00A0C91BC942}") = "ManaForgeEngine", "src\ManaForgeEngine\ManaForgeEngine.vcxproj", "{366C8B6A-FC80-421F-9AAA-F3A29F3061F5}"
	ProjectSection(ProjectDependencies) = postProject
		{95F6910A-2426-437A-B2C4-65FE547D9AEC} = {95F6910A-2426-437A-B2C4-65FE547D9AEC}
	EndProjectSection
EndProject
Project("{2150E333-8FDC-42A3-9474-1A3956D46DE8}") = "Resources", "Resources", "{2032E0A9-1EDF-41C9-87FE-45E0157F2A7D}"
EndProject
Project("{2150E333-8FDC-42A3-9474-1A3956D46DE8}") = "Textures", "Textures", "{1AC95EF7-8FDC-4A65-916E-E28F9663E30E}"
	ProjectSection(SolutionItems) = preProject
		Resource\textures\0.DDS = Resource\textures\0.DDS
		Resource\textures\1.DDS = Resource\textures\1.DDS
		Resource\textures\10.DDS = Resource\textures\10.DDS
		Resource\textures\11.DDS = Resource\textures\11.DDS
		Resource\textures\12.DDS = Resource\textures\12.DDS
		Resource\textures\13.DDS = Resource\textures\13.DDS
		Resource\textures\14.DDS = Resource\textures\14.DDS
		Resource\textures\15.DDS = Resource\textures\15.DDS
		Resource\textures\16.DDS = Resource\textures\16.DDS
		Resource\textures\2.DDS = Resource\textures\2.DDS
		Resource\textures\3.DDS = Resource\textures\3.DDS
		Resource\textures\4.DDS = Resource\textures\4.DDS
		Resource\textures\5.DDS = Resource\textures\5.DDS
		Resource\textures\6.DDS = Resource\textures\6.DDS
		Resource\textures\7.DDS = Resource\textures\7.DDS
		Resource\textures\8.DDS = Resource\textures\8.DDS
		Resource\textures\9.DDS = Resource\textures\9.DDS
	EndProjectSection
EndProject
Project("{2150E333-8FDC-42A3-9474-1A3956D46DE8}") = "Kernels", "Kernels", "{2D93045F-4978-494A-AAF5-54DA8E0F4ADB}"
	ProjectSection(SolutionItems) = preProject
		Resource\kernels\updateFrame.cl = Resource\kernels\updateFrame.cl
	EndProjectSection
EndProject
Project("{2150E333-8FDC-42A3-9474-1A3956D46DE8}") = "Shaders", "Shaders", "{922DBDA2-2FEF-4153-9B2B-51AFD603A4E3}"
	ProjectSection(SolutionItems) = preProject
		Resource\shaders\boilerplatefrag.glsl = Resource\shaders\boilerplatefrag.glsl
		Resource\shaders\boilerplatevert.glsl = Resource\shaders\boilerplatevert.glsl
		Resource\shaders\debugdrawfrag.glsl = Resource\shaders\debugdrawfrag.glsl
		Resource\shaders\debugdrawvert.glsl = Resource\shaders\debugdrawvert.glsl
	EndProjectSection
EndProject
Project("{8BC9CEB8-8B4A-11D0-8D11-00A0C91BC942}") = "OpenGLRenderer", "src\OpenGLRenderer\OpenGLRenderer.vcxproj", "{2EFF286E-D346-4D83-9078-7124D559EB88}"
	ProjectSection(ProjectDependencies) = postProject
		{4E58643A-DEE0-4954-BED0-D45FF11A8A40} = {4E58643A-DEE0-4954-BED0-D45FF11A8A40}
		{366C8B6A-FC80-421F-9AAA-F3A29F3061F5} = {366C8B6A-FC80-421F-9AAA-F3A29F3061F5}
		{63632DBC-1A79-4325-9332-C8C4269BA45A} = {63632DBC-1A79-4325-9332-C8C4269BA45A}
		{8170A6D1-83D7-4CD6-B104-522744D41F38} = {8170A6D1-83D7-4CD6-B104-522744D41F38}
	EndProjectSection
EndProject
Project("{8BC9CEB8-8B4A-11D0-8D11-00A0C91BC942}") = "Lodepng", "src\Lodepng\Lodepng.vcxproj", "{F6469AF9-C1D1-4090-BE15-1EA000DD8102}"
	ProjectSection(ProjectDependencies) = postProject
		{366C8B6A-FC80-421F-9AAA-F3A29F3061F5} = {366C8B6A-FC80-421F-9AAA-F3A29F3061F5}
	EndProjectSection
EndProject
Project("{8BC9CEB8-8B4A-11D0-8D11-00A0C91BC942}") = "DefaultWorld", "src\DefaultWorld\DefaultWorld.vcxproj", "{D21476BC-F2FE-421E-8542-E29C13BA5451}"
	ProjectSection(ProjectDependencies) = postProject
		{366C8B6A-FC80-421F-9AAA-F3A29F3061F5} = {366C8B6A-FC80-421F-9AAA-F3A29F3061F5}
		{F6469AF9-C1D1-4090-BE15-1EA000DD8102} = {F6469AF9-C1D1-4090-BE15-1EA000DD8102}
	EndProjectSection
EndProject
Project("{2150E333-8FDC-42A3-9474-1A3956D46DE8}") = "Modules", "Modules", "{B4DAD025-2735-49A4-BBC2-FD3E60EF60E9}"
EndProject
Project("{2150E333-8FDC-42A3-9474-1A3956D46DE8}") = "Misc", "Misc", "{6D82F47D-78A9-48D7-83B6-B18A800C7966}"
EndProject
Project("{8BC9CEB8-8B4A-11D0-8D11-00A0C91BC942}") = "StackWalker", "src\StackWalker\StackWalker.vcxproj", "{95F6910A-2426-437A-B2C4-65FE547D9AEC}"
EndProject
Project("{2150E333-8FDC-42A3-9474-1A3956D46DE8}") = "ImageLoading", "ImageLoading", "{A4FECF4D-D06B-4AAC-8D22-DD4669114571}"
EndProject
Project("{2150E333-8FDC-42A3-9474-1A3956D46DE8}") = "Content", "Content", "{0CB36B52-A4C7-4337-85C8-0132267E4FB0}"
EndProject
Project("{8BC9CEB8-8B4A-11D0-8D11-00A0C91BC942}") = "TestContent", "src\TestContent\TestContent.vcxproj", "{88DA2862-2AA2-4738-81CE-48F84016EA71}"
	ProjectSection(ProjectDependencies) = postProject
		{366C8B6A-FC80-421F-9AAA-F3A29F3061F5} = {366C8B6A-FC80-421F-9AAA-F3A29F3061F5}
	EndProjectSection
EndProject
Project("{2150E333-8FDC-42A3-9474-1A3956D46DE8}") = "OGLRenderer", "OGLRenderer", "{24D32CB1-5184-4953-9E7C-6587061B299A}"
EndProject
Project("{8BC9CEB8-8B4A-11D0-8D11-00A0C91BC942}") = "SOIL", "src\OpenGLRenderer\SOIL\SOIL.vcxproj", "{4E58643A-DEE0-4954-BED0-D45FF11A8A40}"
	ProjectSection(ProjectDependencies) = postProject
		{63632DBC-1A79-4325-9332-C8C4269BA45A} = {63632DBC-1A79-4325-9332-C8C4269BA45A}
	EndProjectSection
EndProject
Project("{8BC9CEB8-8B4A-11D0-8D11-00A0C91BC942}") = "OpenALAudioSystem", "src\OpenALAudioSystem\OpenALAudioSystem.vcxproj", "{4E4F8707-4B18-4877-8EA6-627FE176E629}"
	ProjectSection(ProjectDependencies) = postProject
		{CCCC9734-EBFF-4AF5-AE7E-D48BC0C29BFC} = {CCCC9734-EBFF-4AF5-AE7E-D48BC0C29BFC}
		{366C8B6A-FC80-421F-9AAA-F3A29F3061F5} = {366C8B6A-FC80-421F-9AAA-F3A29F3061F5}
		{7D83357A-C135-481D-A081-06E8E8C81C61} = {7D83357A-C135-481D-A081-06E8E8C81C61}
	EndProjectSection
EndProject
Project("{8BC9CEB8-8B4A-11D0-8D11-00A0C91BC942}") = "glew_shared", "src\OpenGLRenderer\GLEW\glew_shared\glew_shared.vcxproj", "{63632DBC-1A79-4325-9332-C8C4269BA45A}"
EndProject
Project("{8BC9CEB8-8B4A-11D0-8D11-00A0C91BC942}") = "Box2D", "src\Box2DPhysicsSystem\Box2D\Box2D.vcxproj", "{793B03D0-23BC-4FA0-BC2E-26EB63EE0F91}"
EndProject
Project("{2150E333-8FDC-42A3-9474-1A3956D46DE8}") = "Physics", "Physics", "{E349993F-D601-4A71-884F-3EE1191A64A0}"
EndProject
Project("{8BC9CEB8-8B4A-11D0-8D11-00A0C91BC942}") = "Box2DPhysicsSystem", "src\Box2DPhysicsSystem\Box2DPhysicsSystem.vcxproj", "{3898CEB4-251E-480E-A582-17BB3CDDC0AF}"
	ProjectSection(ProjectDependencies) = postProject
		{366C8B6A-FC80-421F-9AAA-F3A29F3061F5} = {366C8B6A-FC80-421F-9AAA-F3A29F3061F5}
		{793B03D0-23BC-4FA0-BC2E-26EB63EE0F91} = {793B03D0-23BC-4FA0-BC2E-26EB63EE0F91}
	EndProjectSection
EndProject
Project("{2150E333-8FDC-42A3-9474-1A3956D46DE8}") = "Audio", "Audio", "{A4199F4E-42A1-41D3-91A9-0D17D13A47F0}"
EndProject
Project("{8BC9CEB8-8B4A-11D0-8D11-00A0C91BC942}") = "alut", "src\OpenALAudioSystem\alut\alut.vcxproj", "{CCCC9734-EBFF-4AF5-AE7E-D48BC0C29BFC}"
	ProjectSection(ProjectDependencies) = postProject
		{7D83357A-C135-481D-A081-06E8E8C81C61} = {7D83357A-C135-481D-A081-06E8E8C81C61}
	EndProjectSection
EndProject
Project("{8BC9CEB8-8B4A-11D0-8D11-00A0C91BC942}") = "OpenAL", "src\OpenALAudioSystem\OpenAL\OpenAL.vcxproj", "{7D83357A-C135-481D-A081-06E8E8C81C61}"
EndProject
Project("{8BC9CEB8-8B4A-11D0-8D11-00A0C91BC942}") = "GLFW3", "src\OpenGLRenderer\GLFW\GLFW.vcxproj", "{8170A6D1-83D7-4CD6-B104-522744D41F38}"
EndProject
Project("{8BC9CEB8-8B4A-11D0-8D11-00A0C91BC942}") = "FontGenerator", "Resource\fonts\FontGenerator\FontGenerator.vcxproj", "{B2D9AF09-0739-4204-9497-76641C950759}"
	ProjectSection(ProjectDependencies) = postProject
		{78B079BD-9FC7-4B9E-B4A6-96DA0F00248B} = {78B079BD-9FC7-4B9E-B4A6-96DA0F00248B}
		{F6469AF9-C1D1-4090-BE15-1EA000DD8102} = {F6469AF9-C1D1-4090-BE15-1EA000DD8102}
	EndProjectSection
EndProject
Project("{8BC9CEB8-8B4A-11D0-8D11-00A0C91BC942}") = "freetype", "Resource\fonts\FontGenerator\freetype\freetype.vcxproj", "{78B079BD-9FC7-4B9E-B4A6-96DA0F00248B}"
EndProject
Project("{8BC9CEB8-8B4A-11D0-8D11-00A0C91BC942}") = "ManaForgeUI", "src\ManaForgeUI\ManaForgeUI.vcxproj", "{580E6643-4BD6-41FA-A812-DC27938E83DF}"
EndProject
Global
	GlobalSection(SolutionConfigurationPlatforms) = preSolution
		Debug|Win32 = Debug|Win32
		Debug|x64 = Debug|x64
		Release|Win32 = Release|Win32
		Release|x64 = Release|x64
	EndGlobalSection
	GlobalSection(ProjectConfigurationPlatforms) = postSolution
		{74F1D888-86D0-47EE-93ED-E7834EC90A5F}.Debug|Win32.ActiveCfg = Debug|Win32
		{74F1D888-86D0-47EE-93ED-E7834EC90A5F}.Debug|Win32.Build.0 = Debug|Win32
		{74F1D888-86D0-47EE-93ED-E7834EC90A5F}.Debug|x64.ActiveCfg = Debug|x64
		{74F1D888-86D0-47EE-93ED-E7834EC90A5F}.Debug|x64.Build.0 = Debug|x64
		{74F1D888-86D0-47EE-93ED-E7834EC90A5F}.Release|Win32.ActiveCfg = Release|Win32
		{74F1D888-86D0-47EE-93ED-E7834EC90A5F}.Release|Win32.Build.0 = Release|Win32
		{74F1D888-86D0-47EE-93ED-E7834EC90A5F}.Release|x64.ActiveCfg = Release|x64
		{74F1D888-86D0-47EE-93ED-E7834EC90A5F}.Release|x64.Build.0 = Release|x64
		{366C8B6A-FC80-421F-9AAA-F3A29F3061F5}.Debug|Win32.ActiveCfg = Debug|Win32
		{366C8B6A-FC80-421F-9AAA-F3A29F3061F5}.Debug|Win32.Build.0 = Debug|Win32
		{366C8B6A-FC80-421F-9AAA-F3A29F3061F5}.Debug|x64.ActiveCfg = Debug|x64
		{366C8B6A-FC80-421F-9AAA-F3A29F3061F5}.Debug|x64.Build.0 = Debug|x64
		{366C8B6A-FC80-421F-9AAA-F3A29F3061F5}.Release|Win32.ActiveCfg = Release|Win32
		{366C8B6A-FC80-421F-9AAA-F3A29F3061F5}.Release|Win32.Build.0 = Release|Win32
		{366C8B6A-FC80-421F-9AAA-F3A29F3061F5}.Release|x64.ActiveCfg = Release|x64
		{366C8B6A-FC80-421F-9AAA-F3A29F3061F5}.Release|x64.Build.0 = Release|x64
		{2EFF286E-D346-4D83-9078-7124D559EB88}.Debug|Win32.ActiveCfg = Debug|Win32
		{2EFF286E-D346-4D83-9078-7124D559EB88}.Debug|Win32.Build.0 = Debug|Win32
		{2EFF286E-D346-4D83-9078-7124D559EB88}.Debug|x64.ActiveCfg = Debug|x64
		{2EFF286E-D346-4D83-9078-7124D559EB88}.Debug|x64.Build.0 = Debug|x64
		{2EFF286E-D346-4D83-9078-7124D559EB88}.Release|Win32.ActiveCfg = Release|Win32
		{2EFF286E-D346-4D83-9078-7124D559EB88}.Release|Win32.Build.0 = Release|Win32
		{2EFF286E-D346-4D83-9078-7124D559EB88}.Release|x64.ActiveCfg = Release|x64
		{2EFF286E-D346-4D83-9078-7124D559EB88}.Release|x64.Build.0 = Release|x64
		{F6469AF9-C1D1-4090-BE15-1EA000DD8102}.Debug|Win32.ActiveCfg = Debug|Win32
		{F6469AF9-C1D1-4090-BE15-1EA000DD8102}.Debug|Win32.Build.0 = Debug|Win32
		{F6469AF9-C1D1-4090-BE15-1EA000DD8102}.Debug|x64.ActiveCfg = Debug|x64
		{F6469AF9-C1D1-4090-BE15-1EA000DD8102}.Debug|x64.Build.0 = Debug|x64
		{F6469AF9-C1D1-4090-BE15-1EA000DD8102}.Release|Win32.ActiveCfg = Release|Win32
		{F6469AF9-C1D1-4090-BE15-1EA000DD8102}.Release|Win32.Build.0 = Release|Win32
		{F6469AF9-C1D1-4090-BE15-1EA000DD8102}.Release|x64.ActiveCfg = Release|x64
		{F6469AF9-C1D1-4090-BE15-1EA000DD8102}.Release|x64.Build.0 = Release|x64
		{D21476BC-F2FE-421E-8542-E29C13BA5451}.Debug|Win32.ActiveCfg = Debug|Win32
		{D21476BC-F2FE-421E-8542-E29C13BA5451}.Debug|Win32.Build.0 = Debug|Win32
		{D21476BC-F2FE-421E-8542-E29C13BA5451}.Debug|x64.ActiveCfg = Debug|x64
		{D21476BC-F2FE-421E-8542-E29C13BA5451}.Debug|x64.Build.0 = Debug|x64
		{D21476BC-F2FE-421E-8542-E29C13BA5451}.Release|Win32.ActiveCfg = Release|Win32
		{D21476BC-F2FE-421E-8542-E29C13BA5451}.Release|Win32.Build.0 = Release|Win32
		{D21476BC-F2FE-421E-8542-E29C13BA5451}.Release|x64.ActiveCfg = Release|x64
		{D21476BC-F2FE-421E-8542-E29C13BA5451}.Release|x64.Build.0 = Release|x64
		{95F6910A-2426-437A-B2C4-65FE547D9AEC}.Debug|Win32.ActiveCfg = Debug|Win32
		{95F6910A-2426-437A-B2C4-65FE547D9AEC}.Debug|Win32.Build.0 = Debug|Win32
		{95F6910A-2426-437A-B2C4-65FE547D9AEC}.Debug|x64.ActiveCfg = Debug|x64
		{95F6910A-2426-437A-B2C4-65FE547D9AEC}.Debug|x64.Build.0 = Debug|x64
		{95F6910A-2426-437A-B2C4-65FE547D9AEC}.Release|Win32.ActiveCfg = Release|Win32
		{95F6910A-2426-437A-B2C4-65FE547D9AEC}.Release|Win32.Build.0 = Release|Win32
		{95F6910A-2426-437A-B2C4-65FE547D9AEC}.Release|x64.ActiveCfg = Release|x64
		{95F6910A-2426-437A-B2C4-65FE547D9AEC}.Release|x64.Build.0 = Release|x64
		{88DA2862-2AA2-4738-81CE-48F84016EA71}.Debug|Win32.ActiveCfg = Debug|Win32
		{88DA2862-2AA2-4738-81CE-48F84016EA71}.Debug|Win32.Build.0 = Debug|Win32
		{88DA2862-2AA2-4738-81CE-48F84016EA71}.Debug|x64.ActiveCfg = Debug|x64
		{88DA2862-2AA2-4738-81CE-48F84016EA71}.Debug|x64.Build.0 = Debug|x64
		{88DA2862-2AA2-4738-81CE-48F84016EA71}.Release|Win32.ActiveCfg = Release|Win32
		{88DA2862-2AA2-4738-81CE-48F84016EA71}.Release|Win32.Build.0 = Release|Win32
		{88DA2862-2AA2-4738-81CE-48F84016EA71}.Release|x64.ActiveCfg = Release|x64
		{88DA2862-2AA2-4738-81CE-48F84016EA71}.Release|x64.Build.0 = Release|x64
		{4E58643A-DEE0-4954-BED0-D45FF11A8A40}.Debug|Win32.ActiveCfg = Debug|Win32
		{4E58643A-DEE0-4954-BED0-D45FF11A8A40}.Debug|Win32.Build.0 = Debug|Win32
		{4E58643A-DEE0-4954-BED0-D45FF11A8A40}.Debug|x64.ActiveCfg = Debug|x64
		{4E58643A-DEE0-4954-BED0-D45FF11A8A40}.Debug|x64.Build.0 = Debug|x64
		{4E58643A-DEE0-4954-BED0-D45FF11A8A40}.Release|Win32.ActiveCfg = Release|Win32
		{4E58643A-DEE0-4954-BED0-D45FF11A8A40}.Release|Win32.Build.0 = Release|Win32
		{4E58643A-DEE0-4954-BED0-D45FF11A8A40}.Release|x64.ActiveCfg = Release|x64
		{4E58643A-DEE0-4954-BED0-D45FF11A8A40}.Release|x64.Build.0 = Release|x64
		{4E4F8707-4B18-4877-8EA6-627FE176E629}.Debug|Win32.ActiveCfg = Debug|Win32
		{4E4F8707-4B18-4877-8EA6-627FE176E629}.Debug|Win32.Build.0 = Debug|Win32
		{4E4F8707-4B18-4877-8EA6-627FE176E629}.Debug|x64.ActiveCfg = Debug|x64
		{4E4F8707-4B18-4877-8EA6-627FE176E629}.Debug|x64.Build.0 = Debug|x64
		{4E4F8707-4B18-4877-8EA6-627FE176E629}.Release|Win32.ActiveCfg = Release|Win32
		{4E4F8707-4B18-4877-8EA6-627FE176E629}.Release|Win32.Build.0 = Release|Win32
		{4E4F8707-4B18-4877-8EA6-627FE176E629}.Release|x64.ActiveCfg = Release|x64
		{4E4F8707-4B18-4877-8EA6-627FE176E629}.Release|x64.Build.0 = Release|x64
		{63632DBC-1A79-4325-9332-C8C4269BA45A}.Debug|Win32.ActiveCfg = Debug|Win32
		{63632DBC-1A79-4325-9332-C8C4269BA45A}.Debug|Win32.Build.0 = Debug|Win32
		{63632DBC-1A79-4325-9332-C8C4269BA45A}.Debug|x64.ActiveCfg = Debug|x64
		{63632DBC-1A79-4325-9332-C8C4269BA45A}.Debug|x64.Build.0 = Debug|x64
		{63632DBC-1A79-4325-9332-C8C4269BA45A}.Release|Win32.ActiveCfg = Release|Win32
		{63632DBC-1A79-4325-9332-C8C4269BA45A}.Release|Win32.Build.0 = Release|Win32
		{63632DBC-1A79-4325-9332-C8C4269BA45A}.Release|x64.ActiveCfg = Release|x64
		{63632DBC-1A79-4325-9332-C8C4269BA45A}.Release|x64.Build.0 = Release|x64
		{793B03D0-23BC-4FA0-BC2E-26EB63EE0F91}.Debug|Win32.ActiveCfg = Debug|Win32
		{793B03D0-23BC-4FA0-BC2E-26EB63EE0F91}.Debug|Win32.Build.0 = Debug|Win32
		{793B03D0-23BC-4FA0-BC2E-26EB63EE0F91}.Debug|x64.ActiveCfg = Debug|x64
		{793B03D0-23BC-4FA0-BC2E-26EB63EE0F91}.Debug|x64.Build.0 = Debug|x64
		{793B03D0-23BC-4FA0-BC2E-26EB63EE0F91}.Release|Win32.ActiveCfg = Release|Win32
		{793B03D0-23BC-4FA0-BC2E-26EB63EE0F91}.Release|Win32.Build.0 = Release|Win32
		{793B03D0-23BC-4FA0-BC2E-26EB63EE0F91}.Release|x64.ActiveCfg = Release|x64
		{793B03D0-23BC-4FA0-BC2E-26EB63EE0F91}.Release|x64.Build.0 = Release|x64
		{3898CEB4-251E-480E-A582-17BB3CDDC0AF}.Debug|Win32.ActiveCfg = Debug|Win32
		{3898CEB4-251E-480E-A582-17BB3CDDC0AF}.Debug|Win32.Build.0 = Debug|Win32
		{3898CEB4-251E-480E-A582-17BB3CDDC0AF}.Debug|x64.ActiveCfg = Debug|x64
		{3898CEB4-251E-480E-A582-17BB3CDDC0AF}.Debug|x64.Build.0 = Debug|x64
		{3898CEB4-251E-480E-A582-17BB3CDDC0AF}.Release|Win32.ActiveCfg = Release|Win32
		{3898CEB4-251E-480E-A582-17BB3CDDC0AF}.Release|Win32.Build.0 = Release|Win32
		{3898CEB4-251E-480E-A582-17BB3CDDC0AF}.Release|x64.ActiveCfg = Release|x64
		{3898CEB4-251E-480E-A582-17BB3CDDC0AF}.Release|x64.Build.0 = Release|x64
		{CCCC9734-EBFF-4AF5-AE7E-D48BC0C29BFC}.Debug|Win32.ActiveCfg = Debug|Win32
		{CCCC9734-EBFF-4AF5-AE7E-D48BC0C29BFC}.Debug|Win32.Build.0 = Debug|Win32
		{CCCC9734-EBFF-4AF5-AE7E-D48BC0C29BFC}.Debug|x64.ActiveCfg = Debug|x64
		{CCCC9734-EBFF-4AF5-AE7E-D48BC0C29BFC}.Debug|x64.Build.0 = Debug|x64
		{CCCC9734-EBFF-4AF5-AE7E-D48BC0C29BFC}.Release|Win32.ActiveCfg = Release|Win32
		{CCCC9734-EBFF-4AF5-AE7E-D48BC0C29BFC}.Release|Win32.Build.0 = Release|Win32
		{CCCC9734-EBFF-4AF5-AE7E-D48BC0C29BFC}.Release|x64.ActiveCfg = Release|x64
		{CCCC9734-EBFF-4AF5-AE7E-D48BC0C29BFC}.Release|x64.Build.0 = Release|x64
		{7D83357A-C135-481D-A081-06E8E8C81C61}.Debug|Win32.ActiveCfg = Debug|Win32
		{7D83357A-C135-481D-A081-06E8E8C81C61}.Debug|Win32.Build.0 = Debug|Win32
		{7D83357A-C135-481D-A081-06E8E8C81C61}.Debug|x64.ActiveCfg = Debug|x64
		{7D83357A-C135-481D-A081-06E8E8C81C61}.Debug|x64.Build.0 = Debug|x64
		{7D83357A-C135-481D-A081-06E8E8C81C61}.Release|Win32.ActiveCfg = Release|Win32
		{7D83357A-C135-481D-A081-06E8E8C81C61}.Release|Win32.Build.0 = Release|Win32
		{7D83357A-C135-481D-A081-06E8E8C81C61}.Release|x64.ActiveCfg = Release|x64
		{7D83357A-C135-481D-A081-06E8E8C81C61}.Release|x64.Build.0 = Release|x64
		{8170A6D1-83D7-4CD6-B104-522744D41F38}.Debug|Win32.ActiveCfg = Debug|Win32
		{8170A6D1-83D7-4CD6-B104-522744D41F38}.Debug|Win32.Build.0 = Debug|Win32
		{8170A6D1-83D7-4CD6-B104-522744D41F38}.Debug|x64.ActiveCfg = Debug|x64
		{8170A6D1-83D7-4CD6-B104-522744D41F38}.Debug|x64.Build.0 = Debug|x64
		{8170A6D1-83D7-4CD6-B104-522744D41F38}.Release|Win32.ActiveCfg = Release|Win32
		{8170A6D1-83D7-4CD6-B104-522744D41F38}.Release|Win32.Build.0 = Release|Win32
		{8170A6D1-83D7-4CD6-B104-522744D41F38}.Release|x64.ActiveCfg = Release|x64
		{8170A6D1-83D7-4CD6-B104-522744D41F38}.Release|x64.Build.0 = Release|x64
		{B2D9AF09-0739-4204-9497-76641C950759}.Debug|Win32.ActiveCfg = Debug|Win32
		{B2D9AF09-0739-4204-9497-76641C950759}.Debug|Win32.Build.0 = Debug|Win32
		{B2D9AF09-0739-4204-9497-76641C950759}.Debug|x64.ActiveCfg = Debug|x64
		{B2D9AF09-0739-4204-9497-76641C950759}.Debug|x64.Build.0 = Debug|x64
		{B2D9AF09-0739-4204-9497-76641C950759}.Release|Win32.ActiveCfg = Release|Win32
		{B2D9AF09-0739-4204-9497-76641C950759}.Release|Win32.Build.0 = Release|Win32
		{B2D9AF09-0739-4204-9497-76641C950759}.Release|x64.ActiveCfg = Release|x64
		{B2D9AF09-0739-4204-9497-76641C950759}.Release|x64.Build.0 = Release|x64
		{78B079BD-9FC7-4B9E-B4A6-96DA0F00248B}.Debug|Win32.ActiveCfg = Debug|Win32
		{78B079BD-9FC7-4B9E-B4A6-96DA0F00248B}.Debug|Win32.Build.0 = Debug|Win32
		{78B079BD-9FC7-4B9E-B4A6-96DA0F00248B}.Debug|x64.ActiveCfg = Debug|x64
		{78B079BD-9FC7-4B9E-B4A6-96DA0F00248B}.Debug|x64.Build.0 = Debug|x64
		{78B079BD-9FC7-4B9E-B4A6-96DA0F00248B}.Release|Win32.ActiveCfg = Release|Win32
		{78B079BD-9FC7-4B9E-B4A6-96DA0F00248B}.Release|Win32.Build.0 = Release|Win32
		{78B079BD-9FC7-4B9E-B4A6-96DA0F00248B}.Release|x64.ActiveCfg = Release|x64
		{78B079BD-9FC7-4B9E-B4A6-96DA0F00248B}.Release|x64.Build.0 = Release|x64
		{580E6643-4BD6-41FA-A812-DC27938E83DF}.Debug|Win32.ActiveCfg = Debug|Win32
		{580E6643-4BD6-41FA-A812-DC27938E83DF}.Debug|Win32.Build.0 = Debug|Win32
		{580E6643-4BD6-41FA-A812-DC27938E83DF}.Debug|x64.ActiveCfg = Debug|x64
		{580E6643-4BD6-41FA-A812-DC27938E83DF}.Debug|x64.Build.0 = Debug|x64
		{580E6643-4BD6-41FA-A812-DC27938E83DF}.Release|Win32.ActiveCfg = Release|Win32
		{580E6643-4BD6-41FA-A812-DC27938E83DF}.Release|Win32.Build.0 = Release|Win32
		{580E6643-4BD6-41FA-A812-DC27938E83DF}.Release|x64.ActiveCfg = Release|x64
		{580E6643-4BD6-41FA-A812-DC27938E83DF}.Release|x64.Build.0 = Release|x64
	EndGlobalSection
	GlobalSection(SolutionProperties) = preSolution
		HideSolutionNode = FALSE
	EndGlobalSection
	GlobalSection(NestedProjects) = preSolution
		{1AC95EF7-8FDC-4A65-916E-E28F9663E30E} = {2032E0A9-1EDF-41C9-87FE-45E0157F2A7D}
		{2D93045F-4978-494A-AAF5-54DA8E0F4ADB} = {2032E0A9-1EDF-41C9-87FE-45E0157F2A7D}
		{922DBDA2-2FEF-4153-9B2B-51AFD603A4E3} = {2032E0A9-1EDF-41C9-87FE-45E0157F2A7D}
		{2EFF286E-D346-4D83-9078-7124D559EB88} = {24D32CB1-5184-4953-9E7C-6587061B299A}
		{F6469AF9-C1D1-4090-BE15-1EA000DD8102} = {A4FECF4D-D06B-4AAC-8D22-DD4669114571}
		{D21476BC-F2FE-421E-8542-E29C13BA5451} = {B4DAD025-2735-49A4-BBC2-FD3E60EF60E9}
		{95F6910A-2426-437A-B2C4-65FE547D9AEC} = {6D82F47D-78A9-48D7-83B6-B18A800C7966}
		{A4FECF4D-D06B-4AAC-8D22-DD4669114571} = {B4DAD025-2735-49A4-BBC2-FD3E60EF60E9}
		{0CB36B52-A4C7-4337-85C8-0132267E4FB0} = {B4DAD025-2735-49A4-BBC2-FD3E60EF60E9}
		{88DA2862-2AA2-4738-81CE-48F84016EA71} = {0CB36B52-A4C7-4337-85C8-0132267E4FB0}
		{24D32CB1-5184-4953-9E7C-6587061B299A} = {B4DAD025-2735-49A4-BBC2-FD3E60EF60E9}
		{4E58643A-DEE0-4954-BED0-D45FF11A8A40} = {24D32CB1-5184-4953-9E7C-6587061B299A}
		{4E4F8707-4B18-4877-8EA6-627FE176E629} = {A4199F4E-42A1-41D3-91A9-0D17D13A47F0}
		{63632DBC-1A79-4325-9332-C8C4269BA45A} = {24D32CB1-5184-4953-9E7C-6587061B299A}
		{793B03D0-23BC-4FA0-BC2E-26EB63EE0F91} = {E349993F-D601-4A71-884F-3EE1191A64A0}
		{E349993F-D601-4A71-884F-3EE1191A64A0} = {B4DAD025-2735-49A4-BBC2-FD3E60EF60E9}
		{3898CEB4-251E-480E-A582-17BB3CDDC0AF} = {E349993F-D601-4A71-884F-3EE1191A64A0}
		{A4199F4E-42A1-41D3-91A9-0D17D13A47F0} = {B4DAD025-2735-49A4-BBC2-FD3E60EF60E9}
		{CCCC9734-EBFF-4AF5-AE7E-D48BC0C29BFC} = {A4199F4E-42A1-41D3-91A9-0D17D13A47F0}
		{7D83357A-C135-481D-A081-06E8E8C81C61} = {A4199F4E-42A1-41D3-91A9-0D17D13A47F0}
		{8170A6D1-83D7-4CD6-B104-522744D41F38} = {24D32CB1-5184-4953-9E7C-6587061B299A}
		{B2D9AF09-0739-4204-9497-76641C950759} = {6D82F47D-78A9-48D7-83B6-B18A800C7966}
		{78B079BD-9FC7-4B9E-B4A6-96DA0F00248B} = {6D82F47D-78A9-48D7-83B6-B18A800C7966}
	EndGlobalSection
EndGlobal
