
Microsoft Visual Studio Solution File, Format Version 12.00
# Visual Studio 2013
VisualStudioVersion = 12.0.31101.0
MinimumVisualStudioVersion = 10.0.40219.1
Project("{8BC9CEB8-8B4A-11D0-8D11-00A0C91BC942}") = "Game", "src\Game\Game.vcxproj", "{74F1D888-86D0-47EE-93ED-E7834EC90A5F}"
	ProjectSection(ProjectDependencies) = postProject
		{88DA2862-2AA2-4738-81CE-48F84016EA71} = {88DA2862-2AA2-4738-81CE-48F84016EA71}
		{366C8B6A-FC80-421F-9AAA-F3A29F3061F5} = {366C8B6A-FC80-421F-9AAA-F3A29F3061F5}
		{2EFF286E-D346-4D83-9078-7124D559EB88} = {2EFF286E-D346-4D83-9078-7124D559EB88}
		{D21476BC-F2FE-421E-8542-E29C13BA5451} = {D21476BC-F2FE-421E-8542-E29C13BA5451}
	EndProjectSection
EndProject
Project("{8BC9CEB8-8B4A-11D0-8D11-00A0C91BC942}") = "Engine", "src\Engine\Engine.vcxproj", "{366C8B6A-FC80-421F-9AAA-F3A29F3061F5}"
	ProjectSection(ProjectDependencies) = postProject
		{95F6910A-2426-437A-B2C4-65FE547D9AEC} = {95F6910A-2426-437A-B2C4-65FE547D9AEC}
	EndProjectSection
EndProject
Project("{2150E333-8FDC-42A3-9474-1A3956D46DE8}") = "Resources", "Resources", "{2032E0A9-1EDF-41C9-87FE-45E0157F2A7D}"
EndProject
Project("{2150E333-8FDC-42A3-9474-1A3956D46DE8}") = "Textures", "Textures", "{1AC95EF7-8FDC-4A65-916E-E28F9663E30E}"
	ProjectSection(SolutionItems) = preProject
		Resource\textures\0.DDS = Resource\textures\0.DDS
		Resource\textures\1.DDS = Resource\textures\1.DDS
		Resource\textures\10.DDS = Resource\textures\10.DDS
		Resource\textures\11.DDS = Resource\textures\11.DDS
		Resource\textures\12.DDS = Resource\textures\12.DDS
		Resource\textures\13.DDS = Resource\textures\13.DDS
		Resource\textures\14.DDS = Resource\textures\14.DDS
		Resource\textures\15.DDS = Resource\textures\15.DDS
		Resource\textures\16.DDS = Resource\textures\16.DDS
		Resource\textures\2.DDS = Resource\textures\2.DDS
		Resource\textures\3.DDS = Resource\textures\3.DDS
		Resource\textures\4.DDS = Resource\textures\4.DDS
		Resource\textures\5.DDS = Resource\textures\5.DDS
		Resource\textures\6.DDS = Resource\textures\6.DDS
		Resource\textures\7.DDS = Resource\textures\7.DDS
		Resource\textures\8.DDS = Resource\textures\8.DDS
		Resource\textures\9.DDS = Resource\textures\9.DDS
	EndProjectSection
EndProject
Project("{2150E333-8FDC-42A3-9474-1A3956D46DE8}") = "Kernels", "Kernels", "{2D93045F-4978-494A-AAF5-54DA8E0F4ADB}"
	ProjectSection(SolutionItems) = preProject
		Resource\kernels\updateFrame.cl = Resource\kernels\updateFrame.cl
	EndProjectSection
EndProject
Project("{2150E333-8FDC-42A3-9474-1A3956D46DE8}") = "Shaders", "Shaders", "{922DBDA2-2FEF-4153-9B2B-51AFD603A4E3}"
	ProjectSection(SolutionItems) = preProject
		Resource\shaders\actorfrag.glsl = Resource\shaders\actorfrag.glsl
		Resource\shaders\actorvert.glsl = Resource\shaders\actorvert.glsl
		Resource\shaders\boilerplatefrag.glsl = Resource\shaders\boilerplatefrag.glsl
		Resource\shaders\boilerplatevert.glsl = Resource\shaders\boilerplatevert.glsl
		Resource\shaders\chunkfrag.glsl = Resource\shaders\chunkfrag.glsl
		Resource\shaders\chunkvert.glsl = Resource\shaders\chunkvert.glsl
	EndProjectSection
EndProject
Project("{2150E333-8FDC-42A3-9474-1A3956D46DE8}") = "GLM", "GLM", "{176CFBDB-13F0-4BB0-8637-B8B9A51EF94F}"
	ProjectSection(SolutionItems) = preProject
		include\glm\common.hpp = include\glm\common.hpp
		include\glm\exponential.hpp = include\glm\exponential.hpp
		include\glm\ext.hpp = include\glm\ext.hpp
		include\glm\fwd.hpp = include\glm\fwd.hpp
		include\glm\geometric.hpp = include\glm\geometric.hpp
		include\glm\glm.hpp = include\glm\glm.hpp
		include\glm\integer.hpp = include\glm\integer.hpp
		include\glm\mat2x2.hpp = include\glm\mat2x2.hpp
		include\glm\mat2x3.hpp = include\glm\mat2x3.hpp
		include\glm\mat2x4.hpp = include\glm\mat2x4.hpp
		include\glm\mat3x2.hpp = include\glm\mat3x2.hpp
		include\glm\mat3x3.hpp = include\glm\mat3x3.hpp
		include\glm\mat3x4.hpp = include\glm\mat3x4.hpp
		include\glm\mat4x2.hpp = include\glm\mat4x2.hpp
		include\glm\mat4x3.hpp = include\glm\mat4x3.hpp
		include\glm\mat4x4.hpp = include\glm\mat4x4.hpp
		include\glm\matrix.hpp = include\glm\matrix.hpp
		include\glm\packing.hpp = include\glm\packing.hpp
		include\glm\trigonometric.hpp = include\glm\trigonometric.hpp
		include\glm\vec2.hpp = include\glm\vec2.hpp
		include\glm\vec3.hpp = include\glm\vec3.hpp
		include\glm\vec4.hpp = include\glm\vec4.hpp
		include\glm\vector_relational.hpp = include\glm\vector_relational.hpp
	EndProjectSection
EndProject
Project("{2150E333-8FDC-42A3-9474-1A3956D46DE8}") = "detail", "detail", "{0CCC7D48-315D-43DB-A1D0-1D3F55CCB082}"
	ProjectSection(SolutionItems) = preProject
		include\glm\detail\_features.hpp = include\glm\detail\_features.hpp
		include\glm\detail\_fixes.hpp = include\glm\detail\_fixes.hpp
		include\glm\detail\_noise.hpp = include\glm\detail\_noise.hpp
		include\glm\detail\_swizzle.hpp = include\glm\detail\_swizzle.hpp
		include\glm\detail\_swizzle_func.hpp = include\glm\detail\_swizzle_func.hpp
		include\glm\detail\_vectorize.hpp = include\glm\detail\_vectorize.hpp
		include\glm\detail\dummy.cpp = include\glm\detail\dummy.cpp
		include\glm\detail\func_common.hpp = include\glm\detail\func_common.hpp
		include\glm\detail\func_common.inl = include\glm\detail\func_common.inl
		include\glm\detail\func_exponential.hpp = include\glm\detail\func_exponential.hpp
		include\glm\detail\func_exponential.inl = include\glm\detail\func_exponential.inl
		include\glm\detail\func_geometric.hpp = include\glm\detail\func_geometric.hpp
		include\glm\detail\func_geometric.inl = include\glm\detail\func_geometric.inl
		include\glm\detail\func_integer.hpp = include\glm\detail\func_integer.hpp
		include\glm\detail\func_integer.inl = include\glm\detail\func_integer.inl
		include\glm\detail\func_matrix.hpp = include\glm\detail\func_matrix.hpp
		include\glm\detail\func_matrix.inl = include\glm\detail\func_matrix.inl
		include\glm\detail\func_noise.hpp = include\glm\detail\func_noise.hpp
		include\glm\detail\func_noise.inl = include\glm\detail\func_noise.inl
		include\glm\detail\func_packing.hpp = include\glm\detail\func_packing.hpp
		include\glm\detail\func_packing.inl = include\glm\detail\func_packing.inl
		include\glm\detail\func_trigonometric.hpp = include\glm\detail\func_trigonometric.hpp
		include\glm\detail\func_trigonometric.inl = include\glm\detail\func_trigonometric.inl
		include\glm\detail\func_vector_relational.hpp = include\glm\detail\func_vector_relational.hpp
		include\glm\detail\func_vector_relational.inl = include\glm\detail\func_vector_relational.inl
		include\glm\detail\glm.cpp = include\glm\detail\glm.cpp
		include\glm\detail\intrinsic_common.hpp = include\glm\detail\intrinsic_common.hpp
		include\glm\detail\intrinsic_common.inl = include\glm\detail\intrinsic_common.inl
		include\glm\detail\intrinsic_exponential.hpp = include\glm\detail\intrinsic_exponential.hpp
		include\glm\detail\intrinsic_exponential.inl = include\glm\detail\intrinsic_exponential.inl
		include\glm\detail\intrinsic_geometric.hpp = include\glm\detail\intrinsic_geometric.hpp
		include\glm\detail\intrinsic_geometric.inl = include\glm\detail\intrinsic_geometric.inl
		include\glm\detail\intrinsic_integer.hpp = include\glm\detail\intrinsic_integer.hpp
		include\glm\detail\intrinsic_integer.inl = include\glm\detail\intrinsic_integer.inl
		include\glm\detail\intrinsic_matrix.hpp = include\glm\detail\intrinsic_matrix.hpp
		include\glm\detail\intrinsic_matrix.inl = include\glm\detail\intrinsic_matrix.inl
		include\glm\detail\intrinsic_trigonometric.hpp = include\glm\detail\intrinsic_trigonometric.hpp
		include\glm\detail\intrinsic_trigonometric.inl = include\glm\detail\intrinsic_trigonometric.inl
		include\glm\detail\intrinsic_vector_relational.hpp = include\glm\detail\intrinsic_vector_relational.hpp
		include\glm\detail\intrinsic_vector_relational.inl = include\glm\detail\intrinsic_vector_relational.inl
		include\glm\detail\precision.hpp = include\glm\detail\precision.hpp
		include\glm\detail\setup.hpp = include\glm\detail\setup.hpp
		include\glm\detail\type_float.hpp = include\glm\detail\type_float.hpp
		include\glm\detail\type_gentype.hpp = include\glm\detail\type_gentype.hpp
		include\glm\detail\type_gentype.inl = include\glm\detail\type_gentype.inl
		include\glm\detail\type_half.hpp = include\glm\detail\type_half.hpp
		include\glm\detail\type_half.inl = include\glm\detail\type_half.inl
		include\glm\detail\type_int.hpp = include\glm\detail\type_int.hpp
		include\glm\detail\type_mat.hpp = include\glm\detail\type_mat.hpp
		include\glm\detail\type_mat.inl = include\glm\detail\type_mat.inl
		include\glm\detail\type_mat2x2.hpp = include\glm\detail\type_mat2x2.hpp
		include\glm\detail\type_mat2x2.inl = include\glm\detail\type_mat2x2.inl
		include\glm\detail\type_mat2x3.hpp = include\glm\detail\type_mat2x3.hpp
		include\glm\detail\type_mat2x3.inl = include\glm\detail\type_mat2x3.inl
		include\glm\detail\type_mat2x4.hpp = include\glm\detail\type_mat2x4.hpp
		include\glm\detail\type_mat2x4.inl = include\glm\detail\type_mat2x4.inl
		include\glm\detail\type_mat3x2.hpp = include\glm\detail\type_mat3x2.hpp
		include\glm\detail\type_mat3x2.inl = include\glm\detail\type_mat3x2.inl
		include\glm\detail\type_mat3x3.hpp = include\glm\detail\type_mat3x3.hpp
		include\glm\detail\type_mat3x3.inl = include\glm\detail\type_mat3x3.inl
		include\glm\detail\type_mat3x4.hpp = include\glm\detail\type_mat3x4.hpp
		include\glm\detail\type_mat3x4.inl = include\glm\detail\type_mat3x4.inl
		include\glm\detail\type_mat4x2.hpp = include\glm\detail\type_mat4x2.hpp
		include\glm\detail\type_mat4x2.inl = include\glm\detail\type_mat4x2.inl
		include\glm\detail\type_mat4x3.hpp = include\glm\detail\type_mat4x3.hpp
		include\glm\detail\type_mat4x3.inl = include\glm\detail\type_mat4x3.inl
		include\glm\detail\type_mat4x4.hpp = include\glm\detail\type_mat4x4.hpp
		include\glm\detail\type_mat4x4.inl = include\glm\detail\type_mat4x4.inl
		include\glm\detail\type_vec.hpp = include\glm\detail\type_vec.hpp
		include\glm\detail\type_vec.inl = include\glm\detail\type_vec.inl
		include\glm\detail\type_vec1.hpp = include\glm\detail\type_vec1.hpp
		include\glm\detail\type_vec1.inl = include\glm\detail\type_vec1.inl
		include\glm\detail\type_vec2.hpp = include\glm\detail\type_vec2.hpp
		include\glm\detail\type_vec2.inl = include\glm\detail\type_vec2.inl
		include\glm\detail\type_vec3.hpp = include\glm\detail\type_vec3.hpp
		include\glm\detail\type_vec3.inl = include\glm\detail\type_vec3.inl
		include\glm\detail\type_vec4.hpp = include\glm\detail\type_vec4.hpp
		include\glm\detail\type_vec4.inl = include\glm\detail\type_vec4.inl
		include\glm\detail\type_vec4_avx.inl = include\glm\detail\type_vec4_avx.inl
		include\glm\detail\type_vec4_avx2.inl = include\glm\detail\type_vec4_avx2.inl
		include\glm\detail\type_vec4_sse2.inl = include\glm\detail\type_vec4_sse2.inl
	EndProjectSection
EndProject
Project("{2150E333-8FDC-42A3-9474-1A3956D46DE8}") = "gtc", "gtc", "{47089271-A005-482E-AC80-0A661CAC68F0}"
	ProjectSection(SolutionItems) = preProject
		include\glm\gtc\bitfield.hpp = include\glm\gtc\bitfield.hpp
		include\glm\gtc\bitfield.inl = include\glm\gtc\bitfield.inl
		include\glm\gtc\constants.hpp = include\glm\gtc\constants.hpp
		include\glm\gtc\constants.inl = include\glm\gtc\constants.inl
		include\glm\gtc\epsilon.hpp = include\glm\gtc\epsilon.hpp
		include\glm\gtc\epsilon.inl = include\glm\gtc\epsilon.inl
		include\glm\gtc\integer.hpp = include\glm\gtc\integer.hpp
		include\glm\gtc\integer.inl = include\glm\gtc\integer.inl
		include\glm\gtc\matrix_access.hpp = include\glm\gtc\matrix_access.hpp
		include\glm\gtc\matrix_access.inl = include\glm\gtc\matrix_access.inl
		include\glm\gtc\matrix_integer.hpp = include\glm\gtc\matrix_integer.hpp
		include\glm\gtc\matrix_inverse.hpp = include\glm\gtc\matrix_inverse.hpp
		include\glm\gtc\matrix_inverse.inl = include\glm\gtc\matrix_inverse.inl
		include\glm\gtc\matrix_transform.hpp = include\glm\gtc\matrix_transform.hpp
		include\glm\gtc\matrix_transform.inl = include\glm\gtc\matrix_transform.inl
		include\glm\gtc\noise.hpp = include\glm\gtc\noise.hpp
		include\glm\gtc\noise.inl = include\glm\gtc\noise.inl
		include\glm\gtc\packing.hpp = include\glm\gtc\packing.hpp
		include\glm\gtc\packing.inl = include\glm\gtc\packing.inl
		include\glm\gtc\quaternion.hpp = include\glm\gtc\quaternion.hpp
		include\glm\gtc\quaternion.inl = include\glm\gtc\quaternion.inl
		include\glm\gtc\random.hpp = include\glm\gtc\random.hpp
		include\glm\gtc\random.inl = include\glm\gtc\random.inl
		include\glm\gtc\reciprocal.hpp = include\glm\gtc\reciprocal.hpp
		include\glm\gtc\reciprocal.inl = include\glm\gtc\reciprocal.inl
		include\glm\gtc\round.hpp = include\glm\gtc\round.hpp
		include\glm\gtc\round.inl = include\glm\gtc\round.inl
		include\glm\gtc\type_precision.hpp = include\glm\gtc\type_precision.hpp
		include\glm\gtc\type_precision.inl = include\glm\gtc\type_precision.inl
		include\glm\gtc\type_ptr.hpp = include\glm\gtc\type_ptr.hpp
		include\glm\gtc\type_ptr.inl = include\glm\gtc\type_ptr.inl
		include\glm\gtc\ulp.hpp = include\glm\gtc\ulp.hpp
		include\glm\gtc\ulp.inl = include\glm\gtc\ulp.inl
		include\glm\gtc\vec1.hpp = include\glm\gtc\vec1.hpp
		include\glm\gtc\vec1.inl = include\glm\gtc\vec1.inl
	EndProjectSection
EndProject
Project("{2150E333-8FDC-42A3-9474-1A3956D46DE8}") = "gtx", "gtx", "{312AD231-77DF-4A38-9611-286CBF572764}"
	ProjectSection(SolutionItems) = preProject
		include\glm\gtx\associated_min_max.hpp = include\glm\gtx\associated_min_max.hpp
		include\glm\gtx\associated_min_max.inl = include\glm\gtx\associated_min_max.inl
		include\glm\gtx\bit.hpp = include\glm\gtx\bit.hpp
		include\glm\gtx\bit.inl = include\glm\gtx\bit.inl
		include\glm\gtx\closest_point.hpp = include\glm\gtx\closest_point.hpp
		include\glm\gtx\closest_point.inl = include\glm\gtx\closest_point.inl
		include\glm\gtx\color_space.hpp = include\glm\gtx\color_space.hpp
		include\glm\gtx\color_space.inl = include\glm\gtx\color_space.inl
		include\glm\gtx\color_space_YCoCg.hpp = include\glm\gtx\color_space_YCoCg.hpp
		include\glm\gtx\color_space_YCoCg.inl = include\glm\gtx\color_space_YCoCg.inl
		include\glm\gtx\common.hpp = include\glm\gtx\common.hpp
		include\glm\gtx\common.inl = include\glm\gtx\common.inl
		include\glm\gtx\compatibility.hpp = include\glm\gtx\compatibility.hpp
		include\glm\gtx\compatibility.inl = include\glm\gtx\compatibility.inl
		include\glm\gtx\component_wise.hpp = include\glm\gtx\component_wise.hpp
		include\glm\gtx\component_wise.inl = include\glm\gtx\component_wise.inl
		include\glm\gtx\dual_quaternion.hpp = include\glm\gtx\dual_quaternion.hpp
		include\glm\gtx\dual_quaternion.inl = include\glm\gtx\dual_quaternion.inl
		include\glm\gtx\euler_angles.hpp = include\glm\gtx\euler_angles.hpp
		include\glm\gtx\euler_angles.inl = include\glm\gtx\euler_angles.inl
		include\glm\gtx\extend.hpp = include\glm\gtx\extend.hpp
		include\glm\gtx\extend.inl = include\glm\gtx\extend.inl
		include\glm\gtx\extented_min_max.hpp = include\glm\gtx\extented_min_max.hpp
		include\glm\gtx\extented_min_max.inl = include\glm\gtx\extented_min_max.inl
		include\glm\gtx\fast_exponential.hpp = include\glm\gtx\fast_exponential.hpp
		include\glm\gtx\fast_exponential.inl = include\glm\gtx\fast_exponential.inl
		include\glm\gtx\fast_square_root.hpp = include\glm\gtx\fast_square_root.hpp
		include\glm\gtx\fast_square_root.inl = include\glm\gtx\fast_square_root.inl
		include\glm\gtx\fast_trigonometry.hpp = include\glm\gtx\fast_trigonometry.hpp
		include\glm\gtx\fast_trigonometry.inl = include\glm\gtx\fast_trigonometry.inl
		include\glm\gtx\gradient_paint.hpp = include\glm\gtx\gradient_paint.hpp
		include\glm\gtx\gradient_paint.inl = include\glm\gtx\gradient_paint.inl
		include\glm\gtx\handed_coordinate_space.hpp = include\glm\gtx\handed_coordinate_space.hpp
		include\glm\gtx\handed_coordinate_space.inl = include\glm\gtx\handed_coordinate_space.inl
		include\glm\gtx\integer.hpp = include\glm\gtx\integer.hpp
		include\glm\gtx\integer.inl = include\glm\gtx\integer.inl
		include\glm\gtx\intersect.hpp = include\glm\gtx\intersect.hpp
		include\glm\gtx\intersect.inl = include\glm\gtx\intersect.inl
		include\glm\gtx\io.hpp = include\glm\gtx\io.hpp
		include\glm\gtx\io.inl = include\glm\gtx\io.inl
		include\glm\gtx\log_base.hpp = include\glm\gtx\log_base.hpp
		include\glm\gtx\log_base.inl = include\glm\gtx\log_base.inl
		include\glm\gtx\matrix_cross_product.hpp = include\glm\gtx\matrix_cross_product.hpp
		include\glm\gtx\matrix_cross_product.inl = include\glm\gtx\matrix_cross_product.inl
		include\glm\gtx\matrix_decompose.hpp = include\glm\gtx\matrix_decompose.hpp
		include\glm\gtx\matrix_decompose.inl = include\glm\gtx\matrix_decompose.inl
		include\glm\gtx\matrix_interpolation.hpp = include\glm\gtx\matrix_interpolation.hpp
		include\glm\gtx\matrix_interpolation.inl = include\glm\gtx\matrix_interpolation.inl
		include\glm\gtx\matrix_major_storage.hpp = include\glm\gtx\matrix_major_storage.hpp
		include\glm\gtx\matrix_major_storage.inl = include\glm\gtx\matrix_major_storage.inl
		include\glm\gtx\matrix_operation.hpp = include\glm\gtx\matrix_operation.hpp
		include\glm\gtx\matrix_operation.inl = include\glm\gtx\matrix_operation.inl
		include\glm\gtx\matrix_query.hpp = include\glm\gtx\matrix_query.hpp
		include\glm\gtx\matrix_query.inl = include\glm\gtx\matrix_query.inl
		include\glm\gtx\matrix_transform_2d.hpp = include\glm\gtx\matrix_transform_2d.hpp
		include\glm\gtx\matrix_transform_2d.inl = include\glm\gtx\matrix_transform_2d.inl
		include\glm\gtx\mixed_product.hpp = include\glm\gtx\mixed_product.hpp
		include\glm\gtx\mixed_product.inl = include\glm\gtx\mixed_product.inl
		include\glm\gtx\multiple.hpp = include\glm\gtx\multiple.hpp
		include\glm\gtx\multiple.inl = include\glm\gtx\multiple.inl
		include\glm\gtx\norm.hpp = include\glm\gtx\norm.hpp
		include\glm\gtx\norm.inl = include\glm\gtx\norm.inl
		include\glm\gtx\normal.hpp = include\glm\gtx\normal.hpp
		include\glm\gtx\normal.inl = include\glm\gtx\normal.inl
		include\glm\gtx\normalize_dot.hpp = include\glm\gtx\normalize_dot.hpp
		include\glm\gtx\normalize_dot.inl = include\glm\gtx\normalize_dot.inl
		include\glm\gtx\number_precision.hpp = include\glm\gtx\number_precision.hpp
		include\glm\gtx\number_precision.inl = include\glm\gtx\number_precision.inl
		include\glm\gtx\optimum_pow.hpp = include\glm\gtx\optimum_pow.hpp
		include\glm\gtx\optimum_pow.inl = include\glm\gtx\optimum_pow.inl
		include\glm\gtx\orthonormalize.hpp = include\glm\gtx\orthonormalize.hpp
		include\glm\gtx\orthonormalize.inl = include\glm\gtx\orthonormalize.inl
		include\glm\gtx\perpendicular.hpp = include\glm\gtx\perpendicular.hpp
		include\glm\gtx\perpendicular.inl = include\glm\gtx\perpendicular.inl
		include\glm\gtx\polar_coordinates.hpp = include\glm\gtx\polar_coordinates.hpp
		include\glm\gtx\polar_coordinates.inl = include\glm\gtx\polar_coordinates.inl
		include\glm\gtx\projection.hpp = include\glm\gtx\projection.hpp
		include\glm\gtx\projection.inl = include\glm\gtx\projection.inl
		include\glm\gtx\quaternion.hpp = include\glm\gtx\quaternion.hpp
		include\glm\gtx\quaternion.inl = include\glm\gtx\quaternion.inl
		include\glm\gtx\range.hpp = include\glm\gtx\range.hpp
		include\glm\gtx\raw_data.hpp = include\glm\gtx\raw_data.hpp
		include\glm\gtx\raw_data.inl = include\glm\gtx\raw_data.inl
		include\glm\gtx\rotate_normalized_axis.hpp = include\glm\gtx\rotate_normalized_axis.hpp
		include\glm\gtx\rotate_normalized_axis.inl = include\glm\gtx\rotate_normalized_axis.inl
		include\glm\gtx\rotate_vector.hpp = include\glm\gtx\rotate_vector.hpp
		include\glm\gtx\rotate_vector.inl = include\glm\gtx\rotate_vector.inl
		include\glm\gtx\scalar_multiplication.hpp = include\glm\gtx\scalar_multiplication.hpp
		include\glm\gtx\scalar_relational.hpp = include\glm\gtx\scalar_relational.hpp
		include\glm\gtx\scalar_relational.inl = include\glm\gtx\scalar_relational.inl
		include\glm\gtx\simd_mat4.hpp = include\glm\gtx\simd_mat4.hpp
		include\glm\gtx\simd_mat4.inl = include\glm\gtx\simd_mat4.inl
		include\glm\gtx\simd_quat.hpp = include\glm\gtx\simd_quat.hpp
		include\glm\gtx\simd_quat.inl = include\glm\gtx\simd_quat.inl
		include\glm\gtx\simd_vec4.hpp = include\glm\gtx\simd_vec4.hpp
		include\glm\gtx\simd_vec4.inl = include\glm\gtx\simd_vec4.inl
		include\glm\gtx\spline.hpp = include\glm\gtx\spline.hpp
		include\glm\gtx\spline.inl = include\glm\gtx\spline.inl
		include\glm\gtx\std_based_type.hpp = include\glm\gtx\std_based_type.hpp
		include\glm\gtx\std_based_type.inl = include\glm\gtx\std_based_type.inl
		include\glm\gtx\string_cast.hpp = include\glm\gtx\string_cast.hpp
		include\glm\gtx\string_cast.inl = include\glm\gtx\string_cast.inl
		include\glm\gtx\transform.hpp = include\glm\gtx\transform.hpp
		include\glm\gtx\transform.inl = include\glm\gtx\transform.inl
		include\glm\gtx\transform2.hpp = include\glm\gtx\transform2.hpp
		include\glm\gtx\transform2.inl = include\glm\gtx\transform2.inl
		include\glm\gtx\type_aligned.hpp = include\glm\gtx\type_aligned.hpp
		include\glm\gtx\type_aligned.inl = include\glm\gtx\type_aligned.inl
		include\glm\gtx\vector_angle.hpp = include\glm\gtx\vector_angle.hpp
		include\glm\gtx\vector_angle.inl = include\glm\gtx\vector_angle.inl
		include\glm\gtx\vector_query.hpp = include\glm\gtx\vector_query.hpp
		include\glm\gtx\vector_query.inl = include\glm\gtx\vector_query.inl
		include\glm\gtx\wrap.hpp = include\glm\gtx\wrap.hpp
		include\glm\gtx\wrap.inl = include\glm\gtx\wrap.inl
	EndProjectSection
EndProject
Project("{8BC9CEB8-8B4A-11D0-8D11-00A0C91BC942}") = "OpenGLRenderer", "src\OpenGLRenderer\OpenGLRenderer.vcxproj", "{2EFF286E-D346-4D83-9078-7124D559EB88}"
	ProjectSection(ProjectDependencies) = postProject
		{366C8B6A-FC80-421F-9AAA-F3A29F3061F5} = {366C8B6A-FC80-421F-9AAA-F3A29F3061F5}
	EndProjectSection
EndProject
Project("{8BC9CEB8-8B4A-11D0-8D11-00A0C91BC942}") = "Lodepng", "src\Lodepng\Lodepng.vcxproj", "{F6469AF9-C1D1-4090-BE15-1EA000DD8102}"
	ProjectSection(ProjectDependencies) = postProject
		{366C8B6A-FC80-421F-9AAA-F3A29F3061F5} = {366C8B6A-FC80-421F-9AAA-F3A29F3061F5}
	EndProjectSection
EndProject
Project("{8BC9CEB8-8B4A-11D0-8D11-00A0C91BC942}") = "DefaultWorld", "src\DefaultWorld\DefaultWorld.vcxproj", "{D21476BC-F2FE-421E-8542-E29C13BA5451}"
	ProjectSection(ProjectDependencies) = postProject
		{366C8B6A-FC80-421F-9AAA-F3A29F3061F5} = {366C8B6A-FC80-421F-9AAA-F3A29F3061F5}
		{F6469AF9-C1D1-4090-BE15-1EA000DD8102} = {F6469AF9-C1D1-4090-BE15-1EA000DD8102}
	EndProjectSection
EndProject
Project("{2150E333-8FDC-42A3-9474-1A3956D46DE8}") = "Modules", "Modules", "{B4DAD025-2735-49A4-BBC2-FD3E60EF60E9}"
EndProject
Project("{2150E333-8FDC-42A3-9474-1A3956D46DE8}") = "Misc", "Misc", "{6D82F47D-78A9-48D7-83B6-B18A800C7966}"
EndProject
Project("{2150E333-8FDC-42A3-9474-1A3956D46DE8}") = "Solution Items", "Solution Items", "{C5FF2915-9CE6-4861-B8B4-62652CD9DFAE}"
	ProjectSection(SolutionItems) = preProject
		boost.props = boost.props
	EndProjectSection
EndProject
Project("{8BC9CEB8-8B4A-11D0-8D11-00A0C91BC942}") = "StackWalker", "src\StackWalker\StackWalker.vcxproj", "{95F6910A-2426-437A-B2C4-65FE547D9AEC}"
EndProject
Project("{2150E333-8FDC-42A3-9474-1A3956D46DE8}") = "ImageLoading", "ImageLoading", "{A4FECF4D-D06B-4AAC-8D22-DD4669114571}"
EndProject
Project("{2150E333-8FDC-42A3-9474-1A3956D46DE8}") = "Content", "Content", "{0CB36B52-A4C7-4337-85C8-0132267E4FB0}"
EndProject
Project("{2150E333-8FDC-42A3-9474-1A3956D46DE8}") = "GLFW", "GLFW", "{4B354459-EC2B-462A-B867-8561B29ABC8A}"
	ProjectSection(SolutionItems) = preProject
		include\GLTools\glfw3.h = include\GLTools\glfw3.h
		include\GLTools\glfw3native.h = include\GLTools\glfw3native.h
	EndProjectSection
EndProject
Project("{8BC9CEB8-8B4A-11D0-8D11-00A0C91BC942}") = "TestContent", "src\TestContent\TestContent.vcxproj", "{88DA2862-2AA2-4738-81CE-48F84016EA71}"
	ProjectSection(ProjectDependencies) = postProject
		{366C8B6A-FC80-421F-9AAA-F3A29F3061F5} = {366C8B6A-FC80-421F-9AAA-F3A29F3061F5}
	EndProjectSection
EndProject
Global
	GlobalSection(SolutionConfigurationPlatforms) = preSolution
		Debug|Win32 = Debug|Win32
		Release|Win32 = Release|Win32
	EndGlobalSection
	GlobalSection(ProjectConfigurationPlatforms) = postSolution
		{74F1D888-86D0-47EE-93ED-E7834EC90A5F}.Debug|Win32.ActiveCfg = Debug|Win32
		{74F1D888-86D0-47EE-93ED-E7834EC90A5F}.Debug|Win32.Build.0 = Debug|Win32
		{74F1D888-86D0-47EE-93ED-E7834EC90A5F}.Release|Win32.ActiveCfg = Release|Win32
		{74F1D888-86D0-47EE-93ED-E7834EC90A5F}.Release|Win32.Build.0 = Release|Win32
		{366C8B6A-FC80-421F-9AAA-F3A29F3061F5}.Debug|Win32.ActiveCfg = Debug|Win32
		{366C8B6A-FC80-421F-9AAA-F3A29F3061F5}.Debug|Win32.Build.0 = Debug|Win32
		{366C8B6A-FC80-421F-9AAA-F3A29F3061F5}.Release|Win32.ActiveCfg = Release|Win32
		{366C8B6A-FC80-421F-9AAA-F3A29F3061F5}.Release|Win32.Build.0 = Release|Win32
		{2EFF286E-D346-4D83-9078-7124D559EB88}.Debug|Win32.ActiveCfg = Debug|Win32
		{2EFF286E-D346-4D83-9078-7124D559EB88}.Debug|Win32.Build.0 = Debug|Win32
		{2EFF286E-D346-4D83-9078-7124D559EB88}.Release|Win32.ActiveCfg = Release|Win32
		{2EFF286E-D346-4D83-9078-7124D559EB88}.Release|Win32.Build.0 = Release|Win32
		{F6469AF9-C1D1-4090-BE15-1EA000DD8102}.Debug|Win32.ActiveCfg = Debug|Win32
		{F6469AF9-C1D1-4090-BE15-1EA000DD8102}.Debug|Win32.Build.0 = Debug|Win32
		{F6469AF9-C1D1-4090-BE15-1EA000DD8102}.Release|Win32.ActiveCfg = Release|Win32
		{F6469AF9-C1D1-4090-BE15-1EA000DD8102}.Release|Win32.Build.0 = Release|Win32
		{D21476BC-F2FE-421E-8542-E29C13BA5451}.Debug|Win32.ActiveCfg = Debug|Win32
		{D21476BC-F2FE-421E-8542-E29C13BA5451}.Debug|Win32.Build.0 = Debug|Win32
		{D21476BC-F2FE-421E-8542-E29C13BA5451}.Release|Win32.ActiveCfg = Release|Win32
		{D21476BC-F2FE-421E-8542-E29C13BA5451}.Release|Win32.Build.0 = Release|Win32
		{95F6910A-2426-437A-B2C4-65FE547D9AEC}.Debug|Win32.ActiveCfg = Debug|Win32
		{95F6910A-2426-437A-B2C4-65FE547D9AEC}.Debug|Win32.Build.0 = Debug|Win32
		{95F6910A-2426-437A-B2C4-65FE547D9AEC}.Release|Win32.ActiveCfg = Release|Win32
		{95F6910A-2426-437A-B2C4-65FE547D9AEC}.Release|Win32.Build.0 = Release|Win32
		{88DA2862-2AA2-4738-81CE-48F84016EA71}.Debug|Win32.ActiveCfg = Debug|Win32
		{88DA2862-2AA2-4738-81CE-48F84016EA71}.Debug|Win32.Build.0 = Debug|Win32
		{88DA2862-2AA2-4738-81CE-48F84016EA71}.Release|Win32.ActiveCfg = Release|Win32
		{88DA2862-2AA2-4738-81CE-48F84016EA71}.Release|Win32.Build.0 = Release|Win32
	EndGlobalSection
	GlobalSection(SolutionProperties) = preSolution
		HideSolutionNode = FALSE
	EndGlobalSection
	GlobalSection(NestedProjects) = preSolution
		{1AC95EF7-8FDC-4A65-916E-E28F9663E30E} = {2032E0A9-1EDF-41C9-87FE-45E0157F2A7D}
		{2D93045F-4978-494A-AAF5-54DA8E0F4ADB} = {2032E0A9-1EDF-41C9-87FE-45E0157F2A7D}
		{922DBDA2-2FEF-4153-9B2B-51AFD603A4E3} = {2032E0A9-1EDF-41C9-87FE-45E0157F2A7D}
		{0CCC7D48-315D-43DB-A1D0-1D3F55CCB082} = {176CFBDB-13F0-4BB0-8637-B8B9A51EF94F}
		{47089271-A005-482E-AC80-0A661CAC68F0} = {176CFBDB-13F0-4BB0-8637-B8B9A51EF94F}
		{312AD231-77DF-4A38-9611-286CBF572764} = {176CFBDB-13F0-4BB0-8637-B8B9A51EF94F}
		{2EFF286E-D346-4D83-9078-7124D559EB88} = {B4DAD025-2735-49A4-BBC2-FD3E60EF60E9}
		{F6469AF9-C1D1-4090-BE15-1EA000DD8102} = {A4FECF4D-D06B-4AAC-8D22-DD4669114571}
		{D21476BC-F2FE-421E-8542-E29C13BA5451} = {B4DAD025-2735-49A4-BBC2-FD3E60EF60E9}
		{95F6910A-2426-437A-B2C4-65FE547D9AEC} = {6D82F47D-78A9-48D7-83B6-B18A800C7966}
		{A4FECF4D-D06B-4AAC-8D22-DD4669114571} = {B4DAD025-2735-49A4-BBC2-FD3E60EF60E9}
		{0CB36B52-A4C7-4337-85C8-0132267E4FB0} = {B4DAD025-2735-49A4-BBC2-FD3E60EF60E9}
		{88DA2862-2AA2-4738-81CE-48F84016EA71} = {0CB36B52-A4C7-4337-85C8-0132267E4FB0}
	EndGlobalSection
EndGlobal
