
Microsoft Visual Studio Solution File, Format Version 12.00
# Visual Studio 2013
VisualStudioVersion = 12.0.31101.0
MinimumVisualStudioVersion = 10.0.40219.1
Project("{8BC9CEB8-8B4A-11D0-8D11-00A0C91BC942}") = "Game", "Game\Game.vcxproj", "{74F1D888-86D0-47EE-93ED-E7834EC90A5F}"
	ProjectSection(ProjectDependencies) = postProject
		{366C8B6A-FC80-421F-9AAA-F3A29F3061F5} = {366C8B6A-FC80-421F-9AAA-F3A29F3061F5}
	EndProjectSection
EndProject
Project("{8BC9CEB8-8B4A-11D0-8D11-00A0C91BC942}") = "Engine", "Engine\Engine.vcxproj", "{366C8B6A-FC80-421F-9AAA-F3A29F3061F5}"
EndProject
Project("{8BC9CEB8-8B4A-11D0-8D11-00A0C91BC942}") = "Editor", "Editor\Editor.vcxproj", "{3AF6F81A-9B5E-4232-8E1E-89F3FA2A13A1}"
	ProjectSection(ProjectDependencies) = postProject
		{366C8B6A-FC80-421F-9AAA-F3A29F3061F5} = {366C8B6A-FC80-421F-9AAA-F3A29F3061F5}
	EndProjectSection
EndProject
Project("{2150E333-8FDC-42A3-9474-1A3956D46DE8}") = "Resources", "Resources", "{2032E0A9-1EDF-41C9-87FE-45E0157F2A7D}"
EndProject
Project("{2150E333-8FDC-42A3-9474-1A3956D46DE8}") = "Textures", "Textures", "{1AC95EF7-8FDC-4A65-916E-E28F9663E30E}"
	ProjectSection(SolutionItems) = preProject
		Resource\textures\0.DDS = Resource\textures\0.DDS
		Resource\textures\1.DDS = Resource\textures\1.DDS
		Resource\textures\10.DDS = Resource\textures\10.DDS
		Resource\textures\11.DDS = Resource\textures\11.DDS
		Resource\textures\12.DDS = Resource\textures\12.DDS
		Resource\textures\13.DDS = Resource\textures\13.DDS
		Resource\textures\14.DDS = Resource\textures\14.DDS
		Resource\textures\15.DDS = Resource\textures\15.DDS
		Resource\textures\16.DDS = Resource\textures\16.DDS
		Resource\textures\2.DDS = Resource\textures\2.DDS
		Resource\textures\3.DDS = Resource\textures\3.DDS
		Resource\textures\4.DDS = Resource\textures\4.DDS
		Resource\textures\5.DDS = Resource\textures\5.DDS
		Resource\textures\6.DDS = Resource\textures\6.DDS
		Resource\textures\7.DDS = Resource\textures\7.DDS
		Resource\textures\8.DDS = Resource\textures\8.DDS
		Resource\textures\9.DDS = Resource\textures\9.DDS
	EndProjectSection
EndProject
Project("{2150E333-8FDC-42A3-9474-1A3956D46DE8}") = "Kernels", "Kernels", "{2D93045F-4978-494A-AAF5-54DA8E0F4ADB}"
	ProjectSection(SolutionItems) = preProject
		Resource\kernels\updateFrame.cl = Resource\kernels\updateFrame.cl
	EndProjectSection
EndProject
Project("{2150E333-8FDC-42A3-9474-1A3956D46DE8}") = "Shaders", "Shaders", "{922DBDA2-2FEF-4153-9B2B-51AFD603A4E3}"
	ProjectSection(SolutionItems) = preProject
		Resource\shaders\chunkfrag.glsl = Resource\shaders\chunkfrag.glsl
		Resource\shaders\chunkvert.glsl = Resource\shaders\chunkvert.glsl
	EndProjectSection
EndProject
Global
	GlobalSection(SolutionConfigurationPlatforms) = preSolution
		Debug|Win32 = Debug|Win32
		Release|Win32 = Release|Win32
	EndGlobalSection
	GlobalSection(ProjectConfigurationPlatforms) = postSolution
		{74F1D888-86D0-47EE-93ED-E7834EC90A5F}.Debug|Win32.ActiveCfg = Debug|Win32
		{74F1D888-86D0-47EE-93ED-E7834EC90A5F}.Debug|Win32.Build.0 = Debug|Win32
		{74F1D888-86D0-47EE-93ED-E7834EC90A5F}.Release|Win32.ActiveCfg = Release|Win32
		{74F1D888-86D0-47EE-93ED-E7834EC90A5F}.Release|Win32.Build.0 = Release|Win32
		{366C8B6A-FC80-421F-9AAA-F3A29F3061F5}.Debug|Win32.ActiveCfg = Debug|Win32
		{366C8B6A-FC80-421F-9AAA-F3A29F3061F5}.Debug|Win32.Build.0 = Debug|Win32
		{366C8B6A-FC80-421F-9AAA-F3A29F3061F5}.Release|Win32.ActiveCfg = Release|Win32
		{366C8B6A-FC80-421F-9AAA-F3A29F3061F5}.Release|Win32.Build.0 = Release|Win32
		{3AF6F81A-9B5E-4232-8E1E-89F3FA2A13A1}.Debug|Win32.ActiveCfg = Debug|Win32
		{3AF6F81A-9B5E-4232-8E1E-89F3FA2A13A1}.Debug|Win32.Build.0 = Debug|Win32
		{3AF6F81A-9B5E-4232-8E1E-89F3FA2A13A1}.Release|Win32.ActiveCfg = Release|Win32
		{3AF6F81A-9B5E-4232-8E1E-89F3FA2A13A1}.Release|Win32.Build.0 = Release|Win32
	EndGlobalSection
	GlobalSection(SolutionProperties) = preSolution
		HideSolutionNode = FALSE
	EndGlobalSection
	GlobalSection(NestedProjects) = preSolution
		{1AC95EF7-8FDC-4A65-916E-E28F9663E30E} = {2032E0A9-1EDF-41C9-87FE-45E0157F2A7D}
		{2D93045F-4978-494A-AAF5-54DA8E0F4ADB} = {2032E0A9-1EDF-41C9-87FE-45E0157F2A7D}
		{922DBDA2-2FEF-4153-9B2B-51AFD603A4E3} = {2032E0A9-1EDF-41C9-87FE-45E0157F2A7D}
	EndGlobalSection
EndGlobal
