<?xml version="1.0" encoding="utf-8"?>
<Project ToolsVersion="4.0" xmlns="http://schemas.microsoft.com/developer/msbuild/2003">
  <ItemGroup>
    <Filter Include="Private">
      <UniqueIdentifier>{4FC737F1-C7A5-4376-A066-2A32D752A2FF}</UniqueIdentifier>
      <Extensions>cpp;c;cc;cxx;def;odl;idl;hpj;bat;asm;asmx</Extensions>
    </Filter>
    <Filter Include="Public">
      <UniqueIdentifier>{93995380-89BD-4b04-88EB-625FBE52EBFB}</UniqueIdentifier>
      <Extensions>h;hh;hpp;hxx;hm;inl;inc;xsd</Extensions>
    </Filter>
  </ItemGroup>
  <ItemGroup>
    <ClCompile Include="private\Actor.cpp">
      <Filter>Private</Filter>
    </ClCompile>
    <ClCompile Include="private\Chunk.cpp">
      <Filter>Private</Filter>
    </ClCompile>
    <ClCompile Include="private\Helper.cpp">
      <Filter>Private</Filter>
    </ClCompile>
    <ClCompile Include="private\TextureLibrary.cpp">
      <Filter>Private</Filter>
    </ClCompile>
    <ClCompile Include="Private\Window.cpp">
      <Filter>Private</Filter>
    </ClCompile>
    <ClCompile Include="Private\Module.cpp">
      <Filter>Private</Filter>
    </ClCompile>
    <ClCompile Include="private\ENGException.cpp">
      <Filter>Private</Filter>
    </ClCompile>
    <ClCompile Include="Private\Component.cpp">
      <Filter>Private</Filter>
    </ClCompile>
    <ClCompile Include="Private\ModuleManager.cpp">
      <Filter>Private</Filter>
    </ClCompile>
    <ClCompile Include="Private\Logging.cpp">
      <Filter>Private</Filter>
    </ClCompile>
    <ClCompile Include="private\CameraComponent.cpp">
      <Filter>Private</Filter>
    </ClCompile>
    <ClCompile Include="Private\MeshComponent.cpp">
      <Filter>Private</Filter>
    </ClCompile>
    <ClCompile Include="Private\ImageLoader.cpp">
      <Filter>Private</Filter>
    </ClCompile>
    <ClCompile Include="Private\PropertyManager.cpp">
      <Filter>Private</Filter>
    </ClCompile>
    <ClCompile Include="Private\Runtime.cpp">
      <Filter>Private</Filter>
    </ClCompile>
  </ItemGroup>
  <ItemGroup>
    <ClInclude Include="public\Actor.h">
      <Filter>Public</Filter>
    </ClInclude>
    <ClInclude Include="public\Chunk.h">
      <Filter>Public</Filter>
    </ClInclude>
    <ClInclude Include="public\Helper.h">
      <Filter>Public</Filter>
    </ClInclude>
    <ClInclude Include="public\TextureLibrary.h">
      <Filter>Public</Filter>
    </ClInclude>
    <ClInclude Include="Public\Engine.h">
      <Filter>Public</Filter>
    </ClInclude>
    <ClInclude Include="Public\Window.h">
      <Filter>Public</Filter>
    </ClInclude>
    <ClInclude Include="Public\Renderer.h">
      <Filter>Public</Filter>
    </ClInclude>
    <ClInclude Include="Public\ModuleManager.h">
      <Filter>Public</Filter>
    </ClInclude>
    <ClInclude Include="Public\Module.h">
      <Filter>Public</Filter>
    </ClInclude>
    <ClInclude Include="Public\ENGException.h">
      <Filter>Public</Filter>
    </ClInclude>
    <ClInclude Include="Public\Transform.h">
      <Filter>Public</Filter>
    </ClInclude>
    <ClInclude Include="public\Color.h">
      <Filter>Public</Filter>
    </ClInclude>
    <ClInclude Include="Public\Component.h">
      <Filter>Public</Filter>
    </ClInclude>
    <ClInclude Include="Public\SharedLibrary.h">
      <Filter>Public</Filter>
    </ClInclude>
    <ClInclude Include="public\World.h">
      <Filter>Public</Filter>
    </ClInclude>
    <ClInclude Include="Public\UVData.h">
      <Filter>Public</Filter>
    </ClInclude>
    <ClInclude Include="Public\Logging.h">
      <Filter>Public</Filter>
    </ClInclude>
    <ClInclude Include="Public\CameraComponent.h">
      <Filter>Public</Filter>
    </ClInclude>
    <ClInclude Include="Public\SceneComponent.h">
      <Filter>Public</Filter>
    </ClInclude>
    <ClInclude Include="Public\MeshComponent.h">
      <Filter>Public</Filter>
    </ClInclude>
    <ClInclude Include="Public\SaveData.h">
      <Filter>Public</Filter>
    </ClInclude>
    <ClInclude Include="Serialize_Tuple.h">
      <Filter>Public</Filter>
    </ClInclude>
    <ClInclude Include="Public\Model.h">
      <Filter>Public</Filter>
    </ClInclude>
    <ClInclude Include="Public\Material.h">
      <Filter>Public</Filter>
    </ClInclude>
    <ClInclude Include="Public\ImageLoader.h">
      <Filter>Public</Filter>
    </ClInclude>
    <ClInclude Include="resource.h">
      <Filter>Public</Filter>
    </ClInclude>
    <ClInclude Include="Public\PropertyManager.h">
      <Filter>Public</Filter>
    </ClInclude>
    <ClInclude Include="Public\Runtime.h">
      <Filter>Public</Filter>
    </ClInclude>
  </ItemGroup>
  <ItemGroup>
    <ResourceCompile Include="Engine.rc" />
  </ItemGroup>
</Project>