<?xml version="1.0" encoding="utf-8"?>
<Project ToolsVersion="4.0" xmlns="http://schemas.microsoft.com/developer/msbuild/2003">
  <ItemGroup>
    <Filter Include="Public">
      <UniqueIdentifier>{93995380-89BD-4b04-88EB-625FBE52EBFB}</UniqueIdentifier>
      <Extensions>h;hh;hpp;hxx;hm;inl;inc;xsd</Extensions>
    </Filter>
    <Filter Include="Private">
      <UniqueIdentifier>{4FC737F1-C7A5-4376-A066-2A32D752A2FF}</UniqueIdentifier>
      <Extensions>cpp;c;cc;cxx;def;odl;idl;hpj;bat;asm;asmx</Extensions>
    </Filter>
  </ItemGroup>
  <ItemGroup>
    <ClCompile Include="Private\OpenGLModel.cpp">
      <Filter>Private</Filter>
    </ClCompile>
    <ClCompile Include="Private\OpenGLWindow.cpp">
      <Filter>Private</Filter>
    </ClCompile>
    <ClCompile Include="Private\OpenGLRendererConfig.cpp">
      <Filter>Private</Filter>
    </ClCompile>
    <ClCompile Include="Private\OpenGLRenderer.cpp">
      <Filter>Private</Filter>
    </ClCompile>
    <ClCompile Include="Private\OpenGLTexture.cpp">
      <Filter>Private</Filter>
    </ClCompile>
    <ClCompile Include="Private\OpenGLTextureLibrary.cpp">
      <Filter>Private</Filter>
    </ClCompile>
    <ClCompile Include="Private\OpenGLModelData.cpp">
      <Filter>Private</Filter>
    </ClCompile>
    <ClCompile Include="Private\OpenGLMaterialInstance.cpp">
      <Filter>Private</Filter>
    </ClCompile>
    <ClCompile Include="Private\OpenGLMaterialSource.cpp">
      <Filter>Private</Filter>
    </ClCompile>
    <ClCompile Include="Private\OpenGLRendererPCH.cpp">
      <Filter>Private</Filter>
    </ClCompile>
  </ItemGroup>
  <ItemGroup>
    <ClInclude Include="Private\OpenGLModel.h">
      <Filter>Private</Filter>
    </ClInclude>
    <ClInclude Include="Private\OpenGLRenderer.h">
      <Filter>Private</Filter>
    </ClInclude>
    <ClInclude Include="Private\OpenGLWindow.h">
      <Filter>Private</Filter>
    </ClInclude>
    <ClInclude Include="Private\OpenGLRendererConfig.h">
      <Filter>Private</Filter>
    </ClInclude>
    <ClInclude Include="Private\OpenGLTexture.h">
      <Filter>Private</Filter>
    </ClInclude>
    <ClInclude Include="Private\OpenGLTextureLibrary.h">
      <Filter>Private</Filter>
    </ClInclude>
    <ClInclude Include="Private\OpenGLModelData.h">
      <Filter>Private</Filter>
    </ClInclude>
    <ClInclude Include="Private\OpenGLMaterialInstance.h">
      <Filter>Private</Filter>
    </ClInclude>
    <ClInclude Include="Private\OpenGLMaterialSource.h">
      <Filter>Private</Filter>
    </ClInclude>
    <ClInclude Include="Private\OpenGLRendererPCH.h">
      <Filter>Private</Filter>
    </ClInclude>
  </ItemGroup>
</Project>