<?xml version="1.0" encoding="utf-8"?>
<Project ToolsVersion="4.0" xmlns="http://schemas.microsoft.com/developer/msbuild/2003">
  <ItemGroup>
    <Filter Include="Private">
      <UniqueIdentifier>{4FC737F1-C7A5-4376-A066-2A32D752A2FF}</UniqueIdentifier>
      <Extensions>cpp;c;cc;cxx;def;odl;idl;hpj;bat;asm;asmx</Extensions>
    </Filter>
    <Filter Include="Public">
      <UniqueIdentifier>{93995380-89BD-4b04-88EB-625FBE52EBFB}</UniqueIdentifier>
      <Extensions>h;hh;hpp;hxx;hm;inl;inc;xsd</Extensions>
    </Filter>
  </ItemGroup>
  <ItemGroup>
    <ClCompile Include="private\Actor.cpp">
      <Filter>Private</Filter>
    </ClCompile>
    <ClCompile Include="Private\Module.cpp">
      <Filter>Private</Filter>
    </ClCompile>
    <ClCompile Include="private\ENGException.cpp">
      <Filter>Private</Filter>
    </ClCompile>
    <ClCompile Include="Private\ModuleManager.cpp">
      <Filter>Private</Filter>
    </ClCompile>
    <ClCompile Include="Private\ImageLoader.cpp">
      <Filter>Private</Filter>
    </ClCompile>
    <ClCompile Include="Private\PropertyManager.cpp">
      <Filter>Private</Filter>
    </ClCompile>
    <ClCompile Include="Private\Runtime.cpp">
      <Filter>Private</Filter>
    </ClCompile>
    <ClCompile Include="Private\ChangeDirectory.cpp">
      <Filter>Private</Filter>
    </ClCompile>
    <ClCompile Include="Private\PlayerController.cpp">
      <Filter>Private</Filter>
    </ClCompile>
    <ClCompile Include="Private\Pawn.cpp">
      <Filter>Private</Filter>
    </ClCompile>
    <ClCompile Include="Private\InputManager.cpp">
      <Filter>Private</Filter>
    </ClCompile>
    <ClCompile Include="Private\AudioComponent.cpp">
      <Filter>Private</Filter>
    </ClCompile>
    <ClCompile Include="Private\EnginePCH.cpp">
      <Filter>Private</Filter>
    </ClCompile>
    <ClCompile Include="Private\PhysicsComponent.cpp">
      <Filter>Private</Filter>
    </ClCompile>
    <ClCompile Include="Private\Logging.cpp">
      <Filter>Private</Filter>
    </ClCompile>
    <ClCompile Include="Private\Component.cpp">
      <Filter>Private</Filter>
    </ClCompile>
    <ClCompile Include="Private\Controller.cpp">
      <Filter>Private</Filter>
    </ClCompile>
    <ClCompile Include="Private\SharedLibrary.cpp">
      <Filter>Private</Filter>
    </ClCompile>
  </ItemGroup>
  <ItemGroup>
    <ClInclude Include="public\Actor.h">
      <Filter>Public</Filter>
    </ClInclude>
    <ClInclude Include="public\Helper.h">
      <Filter>Public</Filter>
    </ClInclude>
    <ClInclude Include="Public\Engine.h">
      <Filter>Public</Filter>
    </ClInclude>
    <ClInclude Include="Public\Window.h">
      <Filter>Public</Filter>
    </ClInclude>
    <ClInclude Include="Public\Renderer.h">
      <Filter>Public</Filter>
    </ClInclude>
    <ClInclude Include="Public\ModuleManager.h">
      <Filter>Public</Filter>
    </ClInclude>
    <ClInclude Include="Public\Module.h">
      <Filter>Public</Filter>
    </ClInclude>
    <ClInclude Include="Public\ENGException.h">
      <Filter>Public</Filter>
    </ClInclude>
    <ClInclude Include="Public\Transform.h">
      <Filter>Public</Filter>
    </ClInclude>
    <ClInclude Include="public\Color.h">
      <Filter>Public</Filter>
    </ClInclude>
    <ClInclude Include="Public\Component.h">
      <Filter>Public</Filter>
    </ClInclude>
    <ClInclude Include="Public\SharedLibrary.h">
      <Filter>Public</Filter>
    </ClInclude>
    <ClInclude Include="public\World.h">
      <Filter>Public</Filter>
    </ClInclude>
    <ClInclude Include="Public\UVData.h">
      <Filter>Public</Filter>
    </ClInclude>
    <ClInclude Include="Public\Logging.h">
      <Filter>Public</Filter>
    </ClInclude>
    <ClInclude Include="Public\CameraComponent.h">
      <Filter>Public</Filter>
    </ClInclude>
    <ClInclude Include="Public\SceneComponent.h">
      <Filter>Public</Filter>
    </ClInclude>
    <ClInclude Include="Public\MeshComponent.h">
      <Filter>Public</Filter>
    </ClInclude>
    <ClInclude Include="Public\SaveData.h">
      <Filter>Public</Filter>
    </ClInclude>
    <ClInclude Include="Public\Model.h">
      <Filter>Public</Filter>
    </ClInclude>
    <ClInclude Include="Public\ImageLoader.h">
      <Filter>Public</Filter>
    </ClInclude>
    <ClInclude Include="Public\PropertyManager.h">
      <Filter>Public</Filter>
    </ClInclude>
    <ClInclude Include="Public\Runtime.h">
      <Filter>Public</Filter>
    </ClInclude>
    <ClInclude Include="Public\WindowProps.h">
      <Filter>Public</Filter>
    </ClInclude>
    <ClInclude Include="Public\KeyEnum.h">
      <Filter>Public</Filter>
    </ClInclude>
    <ClInclude Include="Public\ChangeDirectory.h">
      <Filter>Public</Filter>
    </ClInclude>
    <ClInclude Include="Public\SerializeGLM.h">
      <Filter>Public</Filter>
    </ClInclude>
    <ClInclude Include="Public\PlayerController.h">
      <Filter>Public</Filter>
    </ClInclude>
    <ClInclude Include="Public\Pawn.h">
      <Filter>Public</Filter>
    </ClInclude>
    <ClInclude Include="Public\InputManager.h">
      <Filter>Public</Filter>
    </ClInclude>
    <ClInclude Include="Public\Texture.h">
      <Filter>Public</Filter>
    </ClInclude>
    <ClInclude Include="Public\TextureLibrary.h">
      <Filter>Public</Filter>
    </ClInclude>
    <ClInclude Include="Public\QuadUVCoords.h">
      <Filter>Public</Filter>
    </ClInclude>
    <ClInclude Include="Public\AudioSystem.h">
      <Filter>Public</Filter>
    </ClInclude>
    <ClInclude Include="Public\SoundSource.h">
      <Filter>Public</Filter>
    </ClInclude>
    <ClInclude Include="Public\SoundCue.h">
      <Filter>Public</Filter>
    </ClInclude>
    <ClInclude Include="Public\AudioComponent.h">
      <Filter>Public</Filter>
    </ClInclude>
    <ClInclude Include="Public\glm-ortho-2d.h">
      <Filter>Public</Filter>
    </ClInclude>
    <ClInclude Include="Private\EnginePCH.h">
      <Filter>Private</Filter>
    </ClInclude>
    <ClInclude Include="Public\PhysicsSystem.h">
      <Filter>Public</Filter>
    </ClInclude>
    <ClInclude Include="Public\PhysicsBody.h">
      <Filter>Public</Filter>
    </ClInclude>
    <ClInclude Include="Public\PhysicsComponent.h">
      <Filter>Public</Filter>
    </ClInclude>
    <ClInclude Include="Public\PhysicsShape.h">
      <Filter>Public</Filter>
    </ClInclude>
    <ClInclude Include="Public\ActorTransformController.h">
      <Filter>Public</Filter>
    </ClInclude>
    <ClInclude Include="Public\Controller.h">
      <Filter>Public</Filter>
    </ClInclude>
    <ClInclude Include="Public\ModelData.h">
      <Filter>Public</Filter>
    </ClInclude>
    <ClInclude Include="Public\MaterialSource.h">
      <Filter>Public</Filter>
    </ClInclude>
    <ClInclude Include="Public\MaterialInstance.h">
      <Filter>Public</Filter>
    </ClInclude>
    <ClInclude Include="Public\Quantity.h">
      <Filter>Public</Filter>
    </ClInclude>
    <ClInclude Include="Public\TimerHandle.h">
      <Filter>Public</Filter>
    </ClInclude>
    <ClInclude Include="Public\TimerManager.h">
      <Filter>Public</Filter>
    </ClInclude>
    <ClInclude Include="Public\Font.h">
      <Filter>Public</Filter>
    </ClInclude>
  </ItemGroup>
</Project>